{
  "name": "chrome-script-keybind-extension",
  "version": "1.0.0",
  "lockfileVersion": 1,
  "requires": true,
  "dependencies": {
    "@mdi/font": {
      "version": "2.8.94",
      "resolved": "https://registry.npmjs.org/@mdi/font/-/font-2.8.94.tgz",
      "integrity": "sha512-QSmuK0BedRMDSgh7RCOc0yO+cAHAaAKfj11BPv0XDxvGKNNKGRqDJcJKdrWUpVmO1/xiFLWfPEmqMi/PKwvjcg=="
    },
    "buefy": {
      "version": "0.6.7",
      "resolved": "https://registry.npmjs.org/buefy/-/buefy-0.6.7.tgz",
      "integrity": "sha512-/d8srEpXAXWQjquHNP3ic9AVzwj8ar+jHfc7YjbspHT1AVeY3CDmzY2R1Am8ICnhioKAjRUfIie2/I9DiytXMQ==",
      "requires": {
        "bulma": "0.7.1"
      }
    },
    "bulma": {
      "version": "0.7.1",
      "resolved": "https://registry.npmjs.org/bulma/-/bulma-0.7.1.tgz",
      "integrity": "sha512-wRSO2LXB+qI9Pyz2id+uZr4quz5aftSN7Ay1ysr1+krzVp3utD+Ci4CeKuZdrYGc800t65b7heXBL6qw2Wo/lQ=="
    },
    "vue": {
      "version": "2.5.17",
      "resolved": "https://registry.npmjs.org/vue/-/vue-2.5.17.tgz",
      "integrity": "sha512-mFbcWoDIJi0w0Za4emyLiW72Jae0yjANHbCVquMKijcavBGypqlF7zHRgMa5k4sesdv7hv2rB4JPdZfR+TPfhQ=="
    }
  }
}
